// !$*UTF8*$!
{
	archiveVersion = 1;
	classes = {
	};
	objectVersion = 56;
	objects = {

/* Begin PBXBuildFile section */
		3A22BF4329BC9122004411BE /* URLs.swift in Sources */ = {isa = PBXBuildFile; fileRef = 3A22BF4229BC9122004411BE /* URLs.swift */; };
		3A22BF5029BCCE07004411BE /* SignEndPoint.swift in Sources */ = {isa = PBXBuildFile; fileRef = 3A22BF4F29BCCE07004411BE /* SignEndPoint.swift */; };
		3A22BF5229BCD6B8004411BE /* SignManager.swift in Sources */ = {isa = PBXBuildFile; fileRef = 3A22BF5129BCD6B8004411BE /* SignManager.swift */; };
		3A22BF5529BCEAC8004411BE /* NetworkResponse.swift in Sources */ = {isa = PBXBuildFile; fileRef = 3A22BF5429BCEAC8004411BE /* NetworkResponse.swift */; };
		3A22BF5729BCEBA2004411BE /* APIError.swift in Sources */ = {isa = PBXBuildFile; fileRef = 3A22BF5629BCEBA2004411BE /* APIError.swift */; };
		3A22BF5D29BCF159004411BE /* Sign.swift in Sources */ = {isa = PBXBuildFile; fileRef = 3A22BF5C29BCF159004411BE /* Sign.swift */; };
		3A22BF5F29BDFF1A004411BE /* NetworkRequest.swift in Sources */ = {isa = PBXBuildFile; fileRef = 3A22BF5E29BDFF1A004411BE /* NetworkRequest.swift */; };
		3A22BF6129BDFF3B004411BE /* HttpMethod.swift in Sources */ = {isa = PBXBuildFile; fileRef = 3A22BF6029BDFF3B004411BE /* HttpMethod.swift */; };
		3A22BF6529BE01AB004411BE /* EndPoint.swift in Sources */ = {isa = PBXBuildFile; fileRef = 3A22BF6429BE01AB004411BE /* EndPoint.swift */; };
		3A22BF6729BE05D9004411BE /* Encodable+.swift in Sources */ = {isa = PBXBuildFile; fileRef = 3A22BF6629BE05D9004411BE /* Encodable+.swift */; };
		3A22BF6929BE0A87004411BE /* Requestable.swift in Sources */ = {isa = PBXBuildFile; fileRef = 3A22BF6829BE0A87004411BE /* Requestable.swift */; };
		3AA636AE29AE5055006BB5EF /* AppDelegate.swift in Sources */ = {isa = PBXBuildFile; fileRef = 3AA636AD29AE5055006BB5EF /* AppDelegate.swift */; };
		3AA636B029AE5055006BB5EF /* SceneDelegate.swift in Sources */ = {isa = PBXBuildFile; fileRef = 3AA636AF29AE5055006BB5EF /* SceneDelegate.swift */; };
		3AA636B729AE5057006BB5EF /* Assets.xcassets in Resources */ = {isa = PBXBuildFile; fileRef = 3AA636B629AE5057006BB5EF /* Assets.xcassets */; };
		3AA636BA29AE5057006BB5EF /* LaunchScreen.storyboard in Resources */ = {isa = PBXBuildFile; fileRef = 3AA636B829AE5057006BB5EF /* LaunchScreen.storyboard */; };
		3AA636C229B07C5F006BB5EF /* UIColor+.swift in Sources */ = {isa = PBXBuildFile; fileRef = 3AA636C129B07C5F006BB5EF /* UIColor+.swift */; };
		3AA636C829B08402006BB5EF /* NotoSans-Bold.ttf in Resources */ = {isa = PBXBuildFile; fileRef = 3AA636C629B08402006BB5EF /* NotoSans-Bold.ttf */; };
		3AA636C929B08402006BB5EF /* NotoSans-Regular.ttf in Resources */ = {isa = PBXBuildFile; fileRef = 3AA636C729B08402006BB5EF /* NotoSans-Regular.ttf */; };
		3AA636CD29B0AB17006BB5EF /* PhoneNumberVertificationViewController.swift in Sources */ = {isa = PBXBuildFile; fileRef = 3AA636CC29B0AB17006BB5EF /* PhoneNumberVertificationViewController.swift */; };
		3AA636D329B24D72006BB5EF /* UIFont+.swift in Sources */ = {isa = PBXBuildFile; fileRef = 3AA636D229B24D72006BB5EF /* UIFont+.swift */; };
		3AA636D529B358D0006BB5EF /* SMSCodeVertificationViewController.swift in Sources */ = {isa = PBXBuildFile; fileRef = 3AA636D429B358D0006BB5EF /* SMSCodeVertificationViewController.swift */; };
		3AA636D729B35CA3006BB5EF /* SMSCodeInputView.swift in Sources */ = {isa = PBXBuildFile; fileRef = 3AA636D629B35CA3006BB5EF /* SMSCodeInputView.swift */; };
		3AA636D929B36C76006BB5EF /* NicknameVertificationViewController.swift in Sources */ = {isa = PBXBuildFile; fileRef = 3AA636D829B36C76006BB5EF /* NicknameVertificationViewController.swift */; };
		3AA636EB29B5B30D006BB5EF /* TestViewController.swift in Sources */ = {isa = PBXBuildFile; fileRef = 3AA636EA29B5B30D006BB5EF /* TestViewController.swift */; };
		3AA636ED29B5E816006BB5EF /* LoginViewModel.swift in Sources */ = {isa = PBXBuildFile; fileRef = 3AA636EC29B5E816006BB5EF /* LoginViewModel.swift */; };
		3AA636F129B5F1C8006BB5EF /* UIControl+.swift in Sources */ = {isa = PBXBuildFile; fileRef = 3AA636F029B5F1C8006BB5EF /* UIControl+.swift */; };
		3AA636F329B5F20D006BB5EF /* UITextField+.swift in Sources */ = {isa = PBXBuildFile; fileRef = 3AA636F229B5F20D006BB5EF /* UITextField+.swift */; };
		3AA636F529B61D67006BB5EF /* UIViewController+.swift in Sources */ = {isa = PBXBuildFile; fileRef = 3AA636F429B61D67006BB5EF /* UIViewController+.swift */; };
		3ADE724F29B9D4AB00EEE19C /* Constraints.swift in Sources */ = {isa = PBXBuildFile; fileRef = 3ADE724E29B9D4AB00EEE19C /* Constraints.swift */; };
		3ADE725229B9D55100EEE19C /* EducationMainViewController.swift in Sources */ = {isa = PBXBuildFile; fileRef = 3ADE725129B9D55100EEE19C /* EducationMainViewController.swift */; };
		3ADE725429B9D69D00EEE19C /* CertificateStatusView.swift in Sources */ = {isa = PBXBuildFile; fileRef = 3ADE725329B9D69D00EEE19C /* CertificateStatusView.swift */; };
		3ADE725629B9EA3200EEE19C /* EducationProgressView.swift in Sources */ = {isa = PBXBuildFile; fileRef = 3ADE725529B9EA3200EEE19C /* EducationProgressView.swift */; };
		3ADE725A29BA333D00EEE19C /* EducationCollectionViewCell.swift in Sources */ = {isa = PBXBuildFile; fileRef = 3ADE725929BA333D00EEE19C /* EducationCollectionViewCell.swift */; };
		3ADE726029BB03A100EEE19C /* EducationQuizViewController.swift in Sources */ = {isa = PBXBuildFile; fileRef = 3ADE725F29BB03A100EEE19C /* EducationQuizViewController.swift */; };
		3ADE726229BB047300EEE19C /* OXQuizChoiceView.swift in Sources */ = {isa = PBXBuildFile; fileRef = 3ADE726129BB047300EEE19C /* OXQuizChoiceView.swift */; };
		3ADE726429BB049900EEE19C /* MultiQuizChoiceView.swift in Sources */ = {isa = PBXBuildFile; fileRef = 3ADE726329BB049900EEE19C /* MultiQuizChoiceView.swift */; };
		3ADE726629BB04C900EEE19C /* QuizQuestionView.swift in Sources */ = {isa = PBXBuildFile; fileRef = 3ADE726529BB04C900EEE19C /* QuizQuestionView.swift */; };
		3ADE726829BB21BE00EEE19C /* CustomNoticeView.swift in Sources */ = {isa = PBXBuildFile; fileRef = 3ADE726729BB21BE00EEE19C /* CustomNoticeView.swift */; };
		3ADE726A29BB27FB00EEE19C /* NoticeTestViewController.swift in Sources */ = {isa = PBXBuildFile; fileRef = 3ADE726929BB27FB00EEE19C /* NoticeTestViewController.swift */; };
		3ADE726C29BB536300EEE19C /* PracticeExplainViewController.swift in Sources */ = {isa = PBXBuildFile; fileRef = 3ADE726B29BB536300EEE19C /* PracticeExplainViewController.swift */; };
		3ADE726E29BB59C000EEE19C /* PosePracticeViewController.swift in Sources */ = {isa = PBXBuildFile; fileRef = 3ADE726D29BB59C000EEE19C /* PosePracticeViewController.swift */; };
		3ADE727029BB630F00EEE19C /* PosePracticeResultViewController.swift in Sources */ = {isa = PBXBuildFile; fileRef = 3ADE726F29BB630F00EEE19C /* PosePracticeResultViewController.swift */; };
		3ADE727229BB64D400EEE19C /* EvaluationResultView.swift in Sources */ = {isa = PBXBuildFile; fileRef = 3ADE727129BB64D400EEE19C /* EvaluationResultView.swift */; };
		3ADE727629BB78BF00EEE19C /* AccuracyResultView.swift in Sources */ = {isa = PBXBuildFile; fileRef = 3ADE727529BB78BF00EEE19C /* AccuracyResultView.swift */; };
/* End PBXBuildFile section */

/* Begin PBXFileReference section */
		3A22BF4229BC9122004411BE /* URLs.swift */ = {isa = PBXFileReference; lastKnownFileType = sourcecode.swift; path = URLs.swift; sourceTree = "<group>"; };
		3A22BF4F29BCCE07004411BE /* SignEndPoint.swift */ = {isa = PBXFileReference; lastKnownFileType = sourcecode.swift; path = SignEndPoint.swift; sourceTree = "<group>"; };
		3A22BF5129BCD6B8004411BE /* SignManager.swift */ = {isa = PBXFileReference; lastKnownFileType = sourcecode.swift; path = SignManager.swift; sourceTree = "<group>"; };
		3A22BF5429BCEAC8004411BE /* NetworkResponse.swift */ = {isa = PBXFileReference; lastKnownFileType = sourcecode.swift; path = NetworkResponse.swift; sourceTree = "<group>"; };
		3A22BF5629BCEBA2004411BE /* APIError.swift */ = {isa = PBXFileReference; lastKnownFileType = sourcecode.swift; path = APIError.swift; sourceTree = "<group>"; };
		3A22BF5C29BCF159004411BE /* Sign.swift */ = {isa = PBXFileReference; lastKnownFileType = sourcecode.swift; path = Sign.swift; sourceTree = "<group>"; };
		3A22BF5E29BDFF1A004411BE /* NetworkRequest.swift */ = {isa = PBXFileReference; lastKnownFileType = sourcecode.swift; path = NetworkRequest.swift; sourceTree = "<group>"; };
		3A22BF6029BDFF3B004411BE /* HttpMethod.swift */ = {isa = PBXFileReference; lastKnownFileType = sourcecode.swift; path = HttpMethod.swift; sourceTree = "<group>"; };
		3A22BF6429BE01AB004411BE /* EndPoint.swift */ = {isa = PBXFileReference; lastKnownFileType = sourcecode.swift; path = EndPoint.swift; sourceTree = "<group>"; };
		3A22BF6629BE05D9004411BE /* Encodable+.swift */ = {isa = PBXFileReference; lastKnownFileType = sourcecode.swift; path = "Encodable+.swift"; sourceTree = "<group>"; };
		3A22BF6829BE0A87004411BE /* Requestable.swift */ = {isa = PBXFileReference; lastKnownFileType = sourcecode.swift; path = Requestable.swift; sourceTree = "<group>"; };
		3AA636AA29AE5055006BB5EF /* CPR2U.app */ = {isa = PBXFileReference; explicitFileType = wrapper.application; includeInIndex = 0; path = CPR2U.app; sourceTree = BUILT_PRODUCTS_DIR; };
		3AA636AD29AE5055006BB5EF /* AppDelegate.swift */ = {isa = PBXFileReference; lastKnownFileType = sourcecode.swift; path = AppDelegate.swift; sourceTree = "<group>"; };
		3AA636AF29AE5055006BB5EF /* SceneDelegate.swift */ = {isa = PBXFileReference; lastKnownFileType = sourcecode.swift; path = SceneDelegate.swift; sourceTree = "<group>"; };
		3AA636B629AE5057006BB5EF /* Assets.xcassets */ = {isa = PBXFileReference; lastKnownFileType = folder.assetcatalog; path = Assets.xcassets; sourceTree = "<group>"; };
		3AA636B929AE5057006BB5EF /* Base */ = {isa = PBXFileReference; lastKnownFileType = file.storyboard; name = Base; path = Base.lproj/LaunchScreen.storyboard; sourceTree = "<group>"; };
		3AA636BB29AE5057006BB5EF /* Info.plist */ = {isa = PBXFileReference; lastKnownFileType = text.plist.xml; path = Info.plist; sourceTree = "<group>"; };
		3AA636C129B07C5F006BB5EF /* UIColor+.swift */ = {isa = PBXFileReference; lastKnownFileType = sourcecode.swift; path = "UIColor+.swift"; sourceTree = "<group>"; };
		3AA636C629B08402006BB5EF /* NotoSans-Bold.ttf */ = {isa = PBXFileReference; lastKnownFileType = file; path = "NotoSans-Bold.ttf"; sourceTree = "<group>"; };
		3AA636C729B08402006BB5EF /* NotoSans-Regular.ttf */ = {isa = PBXFileReference; lastKnownFileType = file; path = "NotoSans-Regular.ttf"; sourceTree = "<group>"; };
		3AA636CC29B0AB17006BB5EF /* PhoneNumberVertificationViewController.swift */ = {isa = PBXFileReference; lastKnownFileType = sourcecode.swift; path = PhoneNumberVertificationViewController.swift; sourceTree = "<group>"; };
		3AA636D229B24D72006BB5EF /* UIFont+.swift */ = {isa = PBXFileReference; lastKnownFileType = sourcecode.swift; path = "UIFont+.swift"; sourceTree = "<group>"; };
		3AA636D429B358D0006BB5EF /* SMSCodeVertificationViewController.swift */ = {isa = PBXFileReference; lastKnownFileType = sourcecode.swift; path = SMSCodeVertificationViewController.swift; sourceTree = "<group>"; };
		3AA636D629B35CA3006BB5EF /* SMSCodeInputView.swift */ = {isa = PBXFileReference; lastKnownFileType = sourcecode.swift; path = SMSCodeInputView.swift; sourceTree = "<group>"; };
		3AA636D829B36C76006BB5EF /* NicknameVertificationViewController.swift */ = {isa = PBXFileReference; lastKnownFileType = sourcecode.swift; path = NicknameVertificationViewController.swift; sourceTree = "<group>"; };
		3AA636EA29B5B30D006BB5EF /* TestViewController.swift */ = {isa = PBXFileReference; lastKnownFileType = sourcecode.swift; path = TestViewController.swift; sourceTree = "<group>"; };
		3AA636EC29B5E816006BB5EF /* LoginViewModel.swift */ = {isa = PBXFileReference; lastKnownFileType = sourcecode.swift; path = LoginViewModel.swift; sourceTree = "<group>"; };
		3AA636F029B5F1C8006BB5EF /* UIControl+.swift */ = {isa = PBXFileReference; lastKnownFileType = sourcecode.swift; path = "UIControl+.swift"; sourceTree = "<group>"; };
		3AA636F229B5F20D006BB5EF /* UITextField+.swift */ = {isa = PBXFileReference; lastKnownFileType = sourcecode.swift; path = "UITextField+.swift"; sourceTree = "<group>"; };
		3AA636F429B61D67006BB5EF /* UIViewController+.swift */ = {isa = PBXFileReference; lastKnownFileType = sourcecode.swift; path = "UIViewController+.swift"; sourceTree = "<group>"; };
		3ADE724E29B9D4AB00EEE19C /* Constraints.swift */ = {isa = PBXFileReference; lastKnownFileType = sourcecode.swift; path = Constraints.swift; sourceTree = "<group>"; };
		3ADE725129B9D55100EEE19C /* EducationMainViewController.swift */ = {isa = PBXFileReference; lastKnownFileType = sourcecode.swift; path = EducationMainViewController.swift; sourceTree = "<group>"; };
		3ADE725329B9D69D00EEE19C /* CertificateStatusView.swift */ = {isa = PBXFileReference; lastKnownFileType = sourcecode.swift; path = CertificateStatusView.swift; sourceTree = "<group>"; };
		3ADE725529B9EA3200EEE19C /* EducationProgressView.swift */ = {isa = PBXFileReference; lastKnownFileType = sourcecode.swift; path = EducationProgressView.swift; sourceTree = "<group>"; };
		3ADE725929BA333D00EEE19C /* EducationCollectionViewCell.swift */ = {isa = PBXFileReference; lastKnownFileType = sourcecode.swift; path = EducationCollectionViewCell.swift; sourceTree = "<group>"; };
		3ADE725F29BB03A100EEE19C /* EducationQuizViewController.swift */ = {isa = PBXFileReference; lastKnownFileType = sourcecode.swift; path = EducationQuizViewController.swift; sourceTree = "<group>"; };
		3ADE726129BB047300EEE19C /* OXQuizChoiceView.swift */ = {isa = PBXFileReference; lastKnownFileType = sourcecode.swift; path = OXQuizChoiceView.swift; sourceTree = "<group>"; };
		3ADE726329BB049900EEE19C /* MultiQuizChoiceView.swift */ = {isa = PBXFileReference; lastKnownFileType = sourcecode.swift; path = MultiQuizChoiceView.swift; sourceTree = "<group>"; };
		3ADE726529BB04C900EEE19C /* QuizQuestionView.swift */ = {isa = PBXFileReference; lastKnownFileType = sourcecode.swift; path = QuizQuestionView.swift; sourceTree = "<group>"; };
		3ADE726729BB21BE00EEE19C /* CustomNoticeView.swift */ = {isa = PBXFileReference; lastKnownFileType = sourcecode.swift; path = CustomNoticeView.swift; sourceTree = "<group>"; };
		3ADE726929BB27FB00EEE19C /* NoticeTestViewController.swift */ = {isa = PBXFileReference; lastKnownFileType = sourcecode.swift; path = NoticeTestViewController.swift; sourceTree = "<group>"; };
		3ADE726B29BB536300EEE19C /* PracticeExplainViewController.swift */ = {isa = PBXFileReference; lastKnownFileType = sourcecode.swift; path = PracticeExplainViewController.swift; sourceTree = "<group>"; };
		3ADE726D29BB59C000EEE19C /* PosePracticeViewController.swift */ = {isa = PBXFileReference; lastKnownFileType = sourcecode.swift; path = PosePracticeViewController.swift; sourceTree = "<group>"; };
		3ADE726F29BB630F00EEE19C /* PosePracticeResultViewController.swift */ = {isa = PBXFileReference; lastKnownFileType = sourcecode.swift; path = PosePracticeResultViewController.swift; sourceTree = "<group>"; };
		3ADE727129BB64D400EEE19C /* EvaluationResultView.swift */ = {isa = PBXFileReference; lastKnownFileType = sourcecode.swift; path = EvaluationResultView.swift; sourceTree = "<group>"; };
		3ADE727529BB78BF00EEE19C /* AccuracyResultView.swift */ = {isa = PBXFileReference; lastKnownFileType = sourcecode.swift; path = AccuracyResultView.swift; sourceTree = "<group>"; };
/* End PBXFileReference section */

/* Begin PBXFrameworksBuildPhase section */
		3AA636A729AE5055006BB5EF /* Frameworks */ = {
			isa = PBXFrameworksBuildPhase;
			buildActionMask = 2147483647;
			files = (
			);
			runOnlyForDeploymentPostprocessing = 0;
		};
/* End PBXFrameworksBuildPhase section */

/* Begin PBXGroup section */
		3A22BF3B29BC8C14004411BE /* Scene */ = {
			isa = PBXGroup;
			children = (
				3AA636DE29B37E04006BB5EF /* Login */,
				3ADE725029B9D53E00EEE19C /* Education */,
			);
			path = Scene;
			sourceTree = "<group>";
		};
		3A22BF3C29BC8C3F004411BE /* Service */ = {
			isa = PBXGroup;
			children = (
				3A22BF5329BCE990004411BE /* APIServices */,
				3A22BF4029BC90D6004411BE /* Network */,
			);
			path = Service;
			sourceTree = "<group>";
		};
		3A22BF3D29BC8C5D004411BE /* Util */ = {
			isa = PBXGroup;
			children = (
				3A22BF4129BC90E7004411BE /* Constants */,
				3A22BF3E29BC8C62004411BE /* Extension */,
			);
			path = Util;
			sourceTree = "<group>";
		};
		3A22BF3E29BC8C62004411BE /* Extension */ = {
			isa = PBXGroup;
			children = (
				3AA636F229B5F20D006BB5EF /* UITextField+.swift */,
				3AA636C129B07C5F006BB5EF /* UIColor+.swift */,
				3AA636D229B24D72006BB5EF /* UIFont+.swift */,
				3AA636F029B5F1C8006BB5EF /* UIControl+.swift */,
				3AA636F429B61D67006BB5EF /* UIViewController+.swift */,
				3A22BF6629BE05D9004411BE /* Encodable+.swift */,
			);
			path = Extension;
			sourceTree = "<group>";
		};
		3A22BF3F29BC8D11004411BE /* Application */ = {
			isa = PBXGroup;
			children = (
				3AA636AD29AE5055006BB5EF /* AppDelegate.swift */,
				3AA636AF29AE5055006BB5EF /* SceneDelegate.swift */,
			);
			path = Application;
			sourceTree = "<group>";
		};
		3A22BF4029BC90D6004411BE /* Network */ = {
			isa = PBXGroup;
			children = (
				3A22BF4E29BCCDF7004411BE /* Sign */,
			);
			path = Network;
			sourceTree = "<group>";
		};
		3A22BF4129BC90E7004411BE /* Constants */ = {
			isa = PBXGroup;
			children = (
				3A22BF4229BC9122004411BE /* URLs.swift */,
			);
			path = Constants;
			sourceTree = "<group>";
		};
		3A22BF4E29BCCDF7004411BE /* Sign */ = {
			isa = PBXGroup;
			children = (
				3A22BF4F29BCCE07004411BE /* SignEndPoint.swift */,
				3A22BF5129BCD6B8004411BE /* SignManager.swift */,
			);
			path = Sign;
			sourceTree = "<group>";
		};
		3A22BF5329BCE990004411BE /* APIServices */ = {
			isa = PBXGroup;
			children = (
				3A22BF5629BCEBA2004411BE /* APIError.swift */,
				3A22BF6029BDFF3B004411BE /* HttpMethod.swift */,
				3A22BF5429BCEAC8004411BE /* NetworkResponse.swift */,
				3A22BF5E29BDFF1A004411BE /* NetworkRequest.swift */,
				3A22BF6429BE01AB004411BE /* EndPoint.swift */,
				3A22BF6829BE0A87004411BE /* Requestable.swift */,
			);
			path = APIServices;
			sourceTree = "<group>";
		};
		3A22BF5829BCEFCA004411BE /* Data */ = {
			isa = PBXGroup;
			children = (
				3A22BF5929BCF0AA004411BE /* DTO */,
			);
			path = Data;
			sourceTree = "<group>";
		};
		3A22BF5929BCF0AA004411BE /* DTO */ = {
			isa = PBXGroup;
			children = (
				3A22BF5C29BCF159004411BE /* Sign.swift */,
			);
			path = DTO;
			sourceTree = "<group>";
		};
		3AA636A129AE5054006BB5EF = {
			isa = PBXGroup;
			children = (
				3AA636AC29AE5055006BB5EF /* CPR2U */,
				3AA636AB29AE5055006BB5EF /* Products */,
			);
			sourceTree = "<group>";
		};
		3AA636AB29AE5055006BB5EF /* Products */ = {
			isa = PBXGroup;
			children = (
				3AA636AA29AE5055006BB5EF /* CPR2U.app */,
			);
			name = Products;
			sourceTree = "<group>";
		};
		3AA636AC29AE5055006BB5EF /* CPR2U */ = {
			isa = PBXGroup;
			children = (
				3A22BF3F29BC8D11004411BE /* Application */,
				3A22BF3D29BC8C5D004411BE /* Util */,
				3A22BF3B29BC8C14004411BE /* Scene */,
				3A22BF5829BCEFCA004411BE /* Data */,
				3A22BF3C29BC8C3F004411BE /* Service */,
				3AA636C329B0835D006BB5EF /* Fonts */,
				3AA636B629AE5057006BB5EF /* Assets.xcassets */,
				3AA636B829AE5057006BB5EF /* LaunchScreen.storyboard */,
				3AA636BB29AE5057006BB5EF /* Info.plist */,
				3ADE724E29B9D4AB00EEE19C /* Constraints.swift */,
			);
			path = CPR2U;
			sourceTree = "<group>";
		};
		3AA636C329B0835D006BB5EF /* Fonts */ = {
			isa = PBXGroup;
			children = (
				3AA636C629B08402006BB5EF /* NotoSans-Bold.ttf */,
				3AA636C729B08402006BB5EF /* NotoSans-Regular.ttf */,
			);
			path = Fonts;
			sourceTree = "<group>";
		};
		3AA636DE29B37E04006BB5EF /* Login */ = {
			isa = PBXGroup;
			children = (
				3AA636DF29B37E21006BB5EF /* View */,
			);
			path = Login;
			sourceTree = "<group>";
		};
		3AA636DF29B37E21006BB5EF /* View */ = {
			isa = PBXGroup;
			children = (
				3AA636EA29B5B30D006BB5EF /* TestViewController.swift */,
				3AA636CC29B0AB17006BB5EF /* PhoneNumberVertificationViewController.swift */,
				3AA636D429B358D0006BB5EF /* SMSCodeVertificationViewController.swift */,
				3AA636D829B36C76006BB5EF /* NicknameVertificationViewController.swift */,
				3AA636D629B35CA3006BB5EF /* SMSCodeInputView.swift */,
				3AA636EC29B5E816006BB5EF /* LoginViewModel.swift */,
			);
			path = View;
			sourceTree = "<group>";
		};
		3ADE725029B9D53E00EEE19C /* Education */ = {
			isa = PBXGroup;
			children = (
				3ADE725C29BA3BC000EEE19C /* Main */,
				3ADE725D29BA3BCD00EEE19C /* Quiz */,
				3ADE725E29BA3BDB00EEE19C /* Pose */,
			);
			path = Education;
			sourceTree = "<group>";
		};
		3ADE725C29BA3BC000EEE19C /* Main */ = {
			isa = PBXGroup;
			children = (
				3ADE725129B9D55100EEE19C /* EducationMainViewController.swift */,
				3ADE725329B9D69D00EEE19C /* CertificateStatusView.swift */,
				3ADE725529B9EA3200EEE19C /* EducationProgressView.swift */,
				3ADE725929BA333D00EEE19C /* EducationCollectionViewCell.swift */,
			);
			path = Main;
			sourceTree = "<group>";
		};
		3ADE725D29BA3BCD00EEE19C /* Quiz */ = {
			isa = PBXGroup;
			children = (
				3ADE725F29BB03A100EEE19C /* EducationQuizViewController.swift */,
				3ADE726529BB04C900EEE19C /* QuizQuestionView.swift */,
				3ADE726129BB047300EEE19C /* OXQuizChoiceView.swift */,
				3ADE726329BB049900EEE19C /* MultiQuizChoiceView.swift */,
				3ADE726729BB21BE00EEE19C /* CustomNoticeView.swift */,
				3ADE726929BB27FB00EEE19C /* NoticeTestViewController.swift */,
			);
			path = Quiz;
			sourceTree = "<group>";
		};
		3ADE725E29BA3BDB00EEE19C /* Pose */ = {
			isa = PBXGroup;
			children = (
				3ADE726B29BB536300EEE19C /* PracticeExplainViewController.swift */,
				3ADE726D29BB59C000EEE19C /* PosePracticeViewController.swift */,
				3ADE726F29BB630F00EEE19C /* PosePracticeResultViewController.swift */,
				3ADE727129BB64D400EEE19C /* EvaluationResultView.swift */,
				3ADE727529BB78BF00EEE19C /* AccuracyResultView.swift */,
			);
			path = Pose;
			sourceTree = "<group>";
		};
/* End PBXGroup section */

/* Begin PBXNativeTarget section */
		3AA636A929AE5055006BB5EF /* CPR2U */ = {
			isa = PBXNativeTarget;
			buildConfigurationList = 3AA636BE29AE5057006BB5EF /* Build configuration list for PBXNativeTarget "CPR2U" */;
			buildPhases = (
				3AA636A629AE5055006BB5EF /* Sources */,
				3AA636A729AE5055006BB5EF /* Frameworks */,
				3AA636A829AE5055006BB5EF /* Resources */,
			);
			buildRules = (
			);
			dependencies = (
			);
			name = CPR2U;
			packageProductDependencies = (
			);
			productName = CPR2U;
			productReference = 3AA636AA29AE5055006BB5EF /* CPR2U.app */;
			productType = "com.apple.product-type.application";
		};
/* End PBXNativeTarget section */

/* Begin PBXProject section */
		3AA636A229AE5054006BB5EF /* Project object */ = {
			isa = PBXProject;
			attributes = {
				BuildIndependentTargetsInParallel = 1;
				LastSwiftUpdateCheck = 1400;
				LastUpgradeCheck = 1400;
				TargetAttributes = {
					3AA636A929AE5055006BB5EF = {
						CreatedOnToolsVersion = 14.0.1;
					};
				};
			};
			buildConfigurationList = 3AA636A529AE5054006BB5EF /* Build configuration list for PBXProject "CPR2U" */;
			compatibilityVersion = "Xcode 14.0";
			developmentRegion = en;
			hasScannedForEncodings = 0;
			knownRegions = (
				en,
				Base,
			);
			mainGroup = 3AA636A129AE5054006BB5EF;
			packageReferences = (
			);
			productRefGroup = 3AA636AB29AE5055006BB5EF /* Products */;
			projectDirPath = "";
			projectRoot = "";
			targets = (
				3AA636A929AE5055006BB5EF /* CPR2U */,
			);
		};
/* End PBXProject section */

/* Begin PBXResourcesBuildPhase section */
		3AA636A829AE5055006BB5EF /* Resources */ = {
			isa = PBXResourcesBuildPhase;
			buildActionMask = 2147483647;
			files = (
				3AA636C929B08402006BB5EF /* NotoSans-Regular.ttf in Resources */,
				3AA636C829B08402006BB5EF /* NotoSans-Bold.ttf in Resources */,
				3AA636BA29AE5057006BB5EF /* LaunchScreen.storyboard in Resources */,
				3AA636B729AE5057006BB5EF /* Assets.xcassets in Resources */,
			);
			runOnlyForDeploymentPostprocessing = 0;
		};
/* End PBXResourcesBuildPhase section */

/* Begin PBXSourcesBuildPhase section */
		3AA636A629AE5055006BB5EF /* Sources */ = {
			isa = PBXSourcesBuildPhase;
			buildActionMask = 2147483647;
			files = (
				3A22BF6529BE01AB004411BE /* EndPoint.swift in Sources */,
				3ADE725629B9EA3200EEE19C /* EducationProgressView.swift in Sources */,
				3ADE726029BB03A100EEE19C /* EducationQuizViewController.swift in Sources */,
				3A22BF5D29BCF159004411BE /* Sign.swift in Sources */,
				3ADE725229B9D55100EEE19C /* EducationMainViewController.swift in Sources */,
				3ADE726229BB047300EEE19C /* OXQuizChoiceView.swift in Sources */,
				3AA636F529B61D67006BB5EF /* UIViewController+.swift in Sources */,
				3AA636F329B5F20D006BB5EF /* UITextField+.swift in Sources */,
				3AA636EB29B5B30D006BB5EF /* TestViewController.swift in Sources */,
				3ADE726629BB04C900EEE19C /* QuizQuestionView.swift in Sources */,
				3A22BF5529BCEAC8004411BE /* NetworkResponse.swift in Sources */,
				3AA636D929B36C76006BB5EF /* NicknameVertificationViewController.swift in Sources */,
				3AA636ED29B5E816006BB5EF /* LoginViewModel.swift in Sources */,
				3ADE726829BB21BE00EEE19C /* CustomNoticeView.swift in Sources */,
				3ADE727229BB64D400EEE19C /* EvaluationResultView.swift in Sources */,
				3AA636D529B358D0006BB5EF /* SMSCodeVertificationViewController.swift in Sources */,
				3AA636D729B35CA3006BB5EF /* SMSCodeInputView.swift in Sources */,
				3A22BF6929BE0A87004411BE /* Requestable.swift in Sources */,
				3A22BF5729BCEBA2004411BE /* APIError.swift in Sources */,
				3ADE725429B9D69D00EEE19C /* CertificateStatusView.swift in Sources */,
				3ADE726E29BB59C000EEE19C /* PosePracticeViewController.swift in Sources */,
				3ADE727029BB630F00EEE19C /* PosePracticeResultViewController.swift in Sources */,
				3ADE726C29BB536300EEE19C /* PracticeExplainViewController.swift in Sources */,
				3ADE726429BB049900EEE19C /* MultiQuizChoiceView.swift in Sources */,
				3A22BF5229BCD6B8004411BE /* SignManager.swift in Sources */,
				3AA636CD29B0AB17006BB5EF /* PhoneNumberVertificationViewController.swift in Sources */,
				3ADE724F29B9D4AB00EEE19C /* Constraints.swift in Sources */,
				3AA636C229B07C5F006BB5EF /* UIColor+.swift in Sources */,
				3A22BF5029BCCE07004411BE /* SignEndPoint.swift in Sources */,
				3ADE726A29BB27FB00EEE19C /* NoticeTestViewController.swift in Sources */,
				3AA636AE29AE5055006BB5EF /* AppDelegate.swift in Sources */,
				3AA636F129B5F1C8006BB5EF /* UIControl+.swift in Sources */,
				3A22BF4329BC9122004411BE /* URLs.swift in Sources */,
				3AA636D329B24D72006BB5EF /* UIFont+.swift in Sources */,
				3A22BF6129BDFF3B004411BE /* HttpMethod.swift in Sources */,
				3ADE727629BB78BF00EEE19C /* AccuracyResultView.swift in Sources */,
				3AA636B029AE5055006BB5EF /* SceneDelegate.swift in Sources */,
				3A22BF5F29BDFF1A004411BE /* NetworkRequest.swift in Sources */,
				3ADE725A29BA333D00EEE19C /* EducationCollectionViewCell.swift in Sources */,
				3A22BF6729BE05D9004411BE /* Encodable+.swift in Sources */,
			);
			runOnlyForDeploymentPostprocessing = 0;
		};
/* End PBXSourcesBuildPhase section */

/* Begin PBXVariantGroup section */
		3AA636B829AE5057006BB5EF /* LaunchScreen.storyboard */ = {
			isa = PBXVariantGroup;
			children = (
				3AA636B929AE5057006BB5EF /* Base */,
			);
			name = LaunchScreen.storyboard;
			sourceTree = "<group>";
		};
/* End PBXVariantGroup section */

/* Begin XCBuildConfiguration section */
		3AA636BC29AE5057006BB5EF /* Debug */ = {
			isa = XCBuildConfiguration;
			buildSettings = {
				ALWAYS_SEARCH_USER_PATHS = NO;
				CLANG_ANALYZER_NONNULL = YES;
				CLANG_ANALYZER_NUMBER_OBJECT_CONVERSION = YES_AGGRESSIVE;
				CLANG_CXX_LANGUAGE_STANDARD = "gnu++20";
				CLANG_ENABLE_MODULES = YES;
				CLANG_ENABLE_OBJC_ARC = YES;
				CLANG_ENABLE_OBJC_WEAK = YES;
				CLANG_WARN_BLOCK_CAPTURE_AUTORELEASING = YES;
				CLANG_WARN_BOOL_CONVERSION = YES;
				CLANG_WARN_COMMA = YES;
				CLANG_WARN_CONSTANT_CONVERSION = YES;
				CLANG_WARN_DEPRECATED_OBJC_IMPLEMENTATIONS = YES;
				CLANG_WARN_DIRECT_OBJC_ISA_USAGE = YES_ERROR;
				CLANG_WARN_DOCUMENTATION_COMMENTS = YES;
				CLANG_WARN_EMPTY_BODY = YES;
				CLANG_WARN_ENUM_CONVERSION = YES;
				CLANG_WARN_INFINITE_RECURSION = YES;
				CLANG_WARN_INT_CONVERSION = YES;
				CLANG_WARN_NON_LITERAL_NULL_CONVERSION = YES;
				CLANG_WARN_OBJC_IMPLICIT_RETAIN_SELF = YES;
				CLANG_WARN_OBJC_LITERAL_CONVERSION = YES;
				CLANG_WARN_OBJC_ROOT_CLASS = YES_ERROR;
				CLANG_WARN_QUOTED_INCLUDE_IN_FRAMEWORK_HEADER = YES;
				CLANG_WARN_RANGE_LOOP_ANALYSIS = YES;
				CLANG_WARN_STRICT_PROTOTYPES = YES;
				CLANG_WARN_SUSPICIOUS_MOVE = YES;
				CLANG_WARN_UNGUARDED_AVAILABILITY = YES_AGGRESSIVE;
				CLANG_WARN_UNREACHABLE_CODE = YES;
				CLANG_WARN__DUPLICATE_METHOD_MATCH = YES;
				COPY_PHASE_STRIP = NO;
				DEBUG_INFORMATION_FORMAT = dwarf;
				ENABLE_STRICT_OBJC_MSGSEND = YES;
				ENABLE_TESTABILITY = YES;
				GCC_C_LANGUAGE_STANDARD = gnu11;
				GCC_DYNAMIC_NO_PIC = NO;
				GCC_NO_COMMON_BLOCKS = YES;
				GCC_OPTIMIZATION_LEVEL = 0;
				GCC_PREPROCESSOR_DEFINITIONS = (
					"DEBUG=1",
					"$(inherited)",
				);
				GCC_WARN_64_TO_32_BIT_CONVERSION = YES;
				GCC_WARN_ABOUT_RETURN_TYPE = YES_ERROR;
				GCC_WARN_UNDECLARED_SELECTOR = YES;
				GCC_WARN_UNINITIALIZED_AUTOS = YES_AGGRESSIVE;
				GCC_WARN_UNUSED_FUNCTION = YES;
				GCC_WARN_UNUSED_VARIABLE = YES;
				IPHONEOS_DEPLOYMENT_TARGET = 16.0;
				MTL_ENABLE_DEBUG_INFO = INCLUDE_SOURCE;
				MTL_FAST_MATH = YES;
				ONLY_ACTIVE_ARCH = YES;
				SDKROOT = iphoneos;
				SWIFT_ACTIVE_COMPILATION_CONDITIONS = DEBUG;
				SWIFT_OPTIMIZATION_LEVEL = "-Onone";
			};
			name = Debug;
		};
		3AA636BD29AE5057006BB5EF /* Release */ = {
			isa = XCBuildConfiguration;
			buildSettings = {
				ALWAYS_SEARCH_USER_PATHS = NO;
				CLANG_ANALYZER_NONNULL = YES;
				CLANG_ANALYZER_NUMBER_OBJECT_CONVERSION = YES_AGGRESSIVE;
				CLANG_CXX_LANGUAGE_STANDARD = "gnu++20";
				CLANG_ENABLE_MODULES = YES;
				CLANG_ENABLE_OBJC_ARC = YES;
				CLANG_ENABLE_OBJC_WEAK = YES;
				CLANG_WARN_BLOCK_CAPTURE_AUTORELEASING = YES;
				CLANG_WARN_BOOL_CONVERSION = YES;
				CLANG_WARN_COMMA = YES;
				CLANG_WARN_CONSTANT_CONVERSION = YES;
				CLANG_WARN_DEPRECATED_OBJC_IMPLEMENTATIONS = YES;
				CLANG_WARN_DIRECT_OBJC_ISA_USAGE = YES_ERROR;
				CLANG_WARN_DOCUMENTATION_COMMENTS = YES;
				CLANG_WARN_EMPTY_BODY = YES;
				CLANG_WARN_ENUM_CONVERSION = YES;
				CLANG_WARN_INFINITE_RECURSION = YES;
				CLANG_WARN_INT_CONVERSION = YES;
				CLANG_WARN_NON_LITERAL_NULL_CONVERSION = YES;
				CLANG_WARN_OBJC_IMPLICIT_RETAIN_SELF = YES;
				CLANG_WARN_OBJC_LITERAL_CONVERSION = YES;
				CLANG_WARN_OBJC_ROOT_CLASS = YES_ERROR;
				CLANG_WARN_QUOTED_INCLUDE_IN_FRAMEWORK_HEADER = YES;
				CLANG_WARN_RANGE_LOOP_ANALYSIS = YES;
				CLANG_WARN_STRICT_PROTOTYPES = YES;
				CLANG_WARN_SUSPICIOUS_MOVE = YES;
				CLANG_WARN_UNGUARDED_AVAILABILITY = YES_AGGRESSIVE;
				CLANG_WARN_UNREACHABLE_CODE = YES;
				CLANG_WARN__DUPLICATE_METHOD_MATCH = YES;
				COPY_PHASE_STRIP = NO;
				DEBUG_INFORMATION_FORMAT = "dwarf-with-dsym";
				ENABLE_NS_ASSERTIONS = NO;
				ENABLE_STRICT_OBJC_MSGSEND = YES;
				GCC_C_LANGUAGE_STANDARD = gnu11;
				GCC_NO_COMMON_BLOCKS = YES;
				GCC_WARN_64_TO_32_BIT_CONVERSION = YES;
				GCC_WARN_ABOUT_RETURN_TYPE = YES_ERROR;
				GCC_WARN_UNDECLARED_SELECTOR = YES;
				GCC_WARN_UNINITIALIZED_AUTOS = YES_AGGRESSIVE;
				GCC_WARN_UNUSED_FUNCTION = YES;
				GCC_WARN_UNUSED_VARIABLE = YES;
				IPHONEOS_DEPLOYMENT_TARGET = 16.0;
				MTL_ENABLE_DEBUG_INFO = NO;
				MTL_FAST_MATH = YES;
				SDKROOT = iphoneos;
				SWIFT_COMPILATION_MODE = wholemodule;
				SWIFT_OPTIMIZATION_LEVEL = "-O";
				VALIDATE_PRODUCT = YES;
			};
			name = Release;
		};
		3AA636BF29AE5057006BB5EF /* Debug */ = {
			isa = XCBuildConfiguration;
			buildSettings = {
				ASSETCATALOG_COMPILER_APPICON_NAME = AppIcon;
				ASSETCATALOG_COMPILER_GLOBAL_ACCENT_COLOR_NAME = AccentColor;
				CODE_SIGN_STYLE = Automatic;
				CURRENT_PROJECT_VERSION = 1;
				DEVELOPMENT_TEAM = UAM52RQFW9;
				GENERATE_INFOPLIST_FILE = YES;
				INFOPLIST_FILE = CPR2U/Info.plist;
				INFOPLIST_KEY_UIApplicationSupportsIndirectInputEvents = YES;
				INFOPLIST_KEY_UILaunchStoryboardName = LaunchScreen;
				INFOPLIST_KEY_UISupportedInterfaceOrientations_iPad = "UIInterfaceOrientationPortrait UIInterfaceOrientationPortraitUpsideDown UIInterfaceOrientationLandscapeLeft UIInterfaceOrientationLandscapeRight";
				INFOPLIST_KEY_UISupportedInterfaceOrientations_iPhone = "UIInterfaceOrientationPortrait UIInterfaceOrientationLandscapeLeft UIInterfaceOrientationLandscapeRight";
				LD_RUNPATH_SEARCH_PATHS = (
					"$(inherited)",
					"@executable_path/Frameworks",
				);
				MARKETING_VERSION = 1.0;
				PRODUCT_BUNDLE_IDENTIFIER = com.jhHwang.CPR2U;
				PRODUCT_NAME = "$(TARGET_NAME)";
				SWIFT_EMIT_LOC_STRINGS = YES;
				SWIFT_VERSION = 5.0;
				TARGETED_DEVICE_FAMILY = "1,2";
			};
			name = Debug;
		};
		3AA636C029AE5057006BB5EF /* Release */ = {
			isa = XCBuildConfiguration;
			buildSettings = {
				ASSETCATALOG_COMPILER_APPICON_NAME = AppIcon;
				ASSETCATALOG_COMPILER_GLOBAL_ACCENT_COLOR_NAME = AccentColor;
				CODE_SIGN_STYLE = Automatic;
				CURRENT_PROJECT_VERSION = 1;
				DEVELOPMENT_TEAM = UAM52RQFW9;
				GENERATE_INFOPLIST_FILE = YES;
				INFOPLIST_FILE = CPR2U/Info.plist;
				INFOPLIST_KEY_UIApplicationSupportsIndirectInputEvents = YES;
				INFOPLIST_KEY_UILaunchStoryboardName = LaunchScreen;
				INFOPLIST_KEY_UISupportedInterfaceOrientations_iPad = "UIInterfaceOrientationPortrait UIInterfaceOrientationPortraitUpsideDown UIInterfaceOrientationLandscapeLeft UIInterfaceOrientationLandscapeRight";
				INFOPLIST_KEY_UISupportedInterfaceOrientations_iPhone = "UIInterfaceOrientationPortrait UIInterfaceOrientationLandscapeLeft UIInterfaceOrientationLandscapeRight";
				LD_RUNPATH_SEARCH_PATHS = (
					"$(inherited)",
					"@executable_path/Frameworks",
				);
				MARKETING_VERSION = 1.0;
				PRODUCT_BUNDLE_IDENTIFIER = com.jhHwang.CPR2U;
				PRODUCT_NAME = "$(TARGET_NAME)";
				SWIFT_EMIT_LOC_STRINGS = YES;
				SWIFT_VERSION = 5.0;
				TARGETED_DEVICE_FAMILY = "1,2";
			};
			name = Release;
		};
/* End XCBuildConfiguration section */

/* Begin XCConfigurationList section */
		3AA636A529AE5054006BB5EF /* Build configuration list for PBXProject "CPR2U" */ = {
			isa = XCConfigurationList;
			buildConfigurations = (
				3AA636BC29AE5057006BB5EF /* Debug */,
				3AA636BD29AE5057006BB5EF /* Release */,
			);
			defaultConfigurationIsVisible = 0;
			defaultConfigurationName = Release;
		};
		3AA636BE29AE5057006BB5EF /* Build configuration list for PBXNativeTarget "CPR2U" */ = {
			isa = XCConfigurationList;
			buildConfigurations = (
				3AA636BF29AE5057006BB5EF /* Debug */,
				3AA636C029AE5057006BB5EF /* Release */,
			);
			defaultConfigurationIsVisible = 0;
			defaultConfigurationName = Release;
		};
/* End XCConfigurationList section */
	};
	rootObject = 3AA636A229AE5054006BB5EF /* Project object */;
}
